// !$*UTF8*$!
{
	archiveVersion = 1;
	classes = {
	};
	objectVersion = 46;
	objects = {

/* Begin PBXBuildFile section */
		CAA2A3CD1D22E536006B1609 /* AppDelegate.swift in Sources */ = {isa = PBXBuildFile; fileRef = CAA2A3CC1D22E536006B1609 /* AppDelegate.swift */; };
		CAA2A3CF1D22E536006B1609 /* ViewController.swift in Sources */ = {isa = PBXBuildFile; fileRef = CAA2A3CE1D22E536006B1609 /* ViewController.swift */; };
		CAA2A3D21D22E536006B1609 /* Main.storyboard in Resources */ = {isa = PBXBuildFile; fileRef = CAA2A3D01D22E536006B1609 /* Main.storyboard */; };
		CAA2A3D41D22E536006B1609 /* Assets.xcassets in Resources */ = {isa = PBXBuildFile; fileRef = CAA2A3D31D22E536006B1609 /* Assets.xcassets */; };
		CAA2A3D71D22E536006B1609 /* LaunchScreen.storyboard in Resources */ = {isa = PBXBuildFile; fileRef = CAA2A3D51D22E536006B1609 /* LaunchScreen.storyboard */; };
		CAA2A3DF1D22ED87006B1609 /* DETableViewCell.swift in Sources */ = {isa = PBXBuildFile; fileRef = CAA2A3DE1D22ED87006B1609 /* DETableViewCell.swift */; };
/* End PBXBuildFile section */

/* Begin PBXFileReference section */
		CAA2A3C91D22E536006B1609 /* DebugExample.app */ = {isa = PBXFileReference; explicitFileType = wrapper.application; includeInIndex = 0; path = DebugExample.app; sourceTree = BUILT_PRODUCTS_DIR; };
		CAA2A3CC1D22E536006B1609 /* AppDelegate.swift */ = {isa = PBXFileReference; lastKnownFileType = sourcecode.swift; path = AppDelegate.swift; sourceTree = "<group>"; };
		CAA2A3CE1D22E536006B1609 /* ViewController.swift */ = {isa = PBXFileReference; lastKnownFileType = sourcecode.swift; path = ViewController.swift; sourceTree = "<group>"; };
		CAA2A3D11D22E536006B1609 /* Base */ = {isa = PBXFileReference; lastKnownFileType = file.storyboard; name = Base; path = Base.lproj/Main.storyboard; sourceTree = "<group>"; };
		CAA2A3D31D22E536006B1609 /* Assets.xcassets */ = {isa = PBXFileReference; lastKnownFileType = folder.assetcatalog; path = Assets.xcassets; sourceTree = "<group>"; };
		CAA2A3D61D22E536006B1609 /* Base */ = {isa = PBXFileReference; lastKnownFileType = file.storyboard; name = Base; path = Base.lproj/LaunchScreen.storyboard; sourceTree = "<group>"; };
		CAA2A3D81D22E536006B1609 /* Info.plist */ = {isa = PBXFileReference; lastKnownFileType = text.plist.xml; path = Info.plist; sourceTree = "<group>"; };
		CAA2A3DE1D22ED87006B1609 /* DETableViewCell.swift */ = {isa = PBXFileReference; fileEncoding = 4; lastKnownFileType = sourcecode.swift; path = DETableViewCell.swift; sourceTree = "<group>"; };
/* End PBXFileReference section */

/* Begin PBXFrameworksBuildPhase section */
		CAA2A3C61D22E536006B1609 /* Frameworks */ = {
			isa = PBXFrameworksBuildPhase;
			buildActionMask = 2147483647;
			files = (
			);
			runOnlyForDeploymentPostprocessing = 0;
		};
/* End PBXFrameworksBuildPhase section */

/* Begin PBXGroup section */
		CAA2A3C01D22E536006B1609 = {
			isa = PBXGroup;
			children = (
				CAA2A3CB1D22E536006B1609 /* DebugExample */,
				CAA2A3CA1D22E536006B1609 /* Products */,
			);
			sourceTree = "<group>";
		};
		CAA2A3CA1D22E536006B1609 /* Products */ = {
			isa = PBXGroup;
			children = (
				CAA2A3C91D22E536006B1609 /* DebugExample.app */,
			);
			name = Products;
			sourceTree = "<group>";
		};
		CAA2A3CB1D22E536006B1609 /* DebugExample */ = {
			isa = PBXGroup;
			children = (
				CAA2A3CC1D22E536006B1609 /* AppDelegate.swift */,
				CAA2A3CE1D22E536006B1609 /* ViewController.swift */,
				CAA2A3DE1D22ED87006B1609 /* DETableViewCell.swift */,
				CAA2A3D01D22E536006B1609 /* Main.storyboard */,
				CAA2A3D31D22E536006B1609 /* Assets.xcassets */,
				CAA2A3D51D22E536006B1609 /* LaunchScreen.storyboard */,
				CAA2A3D81D22E536006B1609 /* Info.plist */,
			);
			path = DebugExample;
			sourceTree = "<group>";
		};
/* End PBXGroup section */

/* Begin PBXNativeTarget section */
		CAA2A3C81D22E536006B1609 /* DebugExample */ = {
			isa = PBXNativeTarget;
			buildConfigurationList = CAA2A3DB1D22E536006B1609 /* Build configuration list for PBXNativeTarget "DebugExample" */;
			buildPhases = (
				CAA2A3C51D22E536006B1609 /* Sources */,
				CAA2A3C61D22E536006B1609 /* Frameworks */,
				CAA2A3C71D22E536006B1609 /* Resources */,
			);
			buildRules = (
			);
			dependencies = (
			);
			name = DebugExample;
			productName = DebugExample;
			productReference = CAA2A3C91D22E536006B1609 /* DebugExample.app */;
			productType = "com.apple.product-type.application";
		};
/* End PBXNativeTarget section */

/* Begin PBXProject section */
		CAA2A3C11D22E536006B1609 /* Project object */ = {
			isa = PBXProject;
			attributes = {
				LastSwiftUpdateCheck = 0730;
				LastUpgradeCheck = 0730;
				ORGANIZATIONNAME = "Make School";
				TargetAttributes = {
					CAA2A3C81D22E536006B1609 = {
						CreatedOnToolsVersion = 7.3.1;
					};
				};
			};
			buildConfigurationList = CAA2A3C41D22E536006B1609 /* Build configuration list for PBXProject "DebugExample" */;
			compatibilityVersion = "Xcode 3.2";
			developmentRegion = English;
			hasScannedForEncodings = 0;
			knownRegions = (
				en,
				Base,
			);
			mainGroup = CAA2A3C01D22E536006B1609;
			productRefGroup = CAA2A3CA1D22E536006B1609 /* Products */;
			projectDirPath = "";
			projectRoot = "";
			targets = (
				CAA2A3C81D22E536006B1609 /* DebugExample */,
			);
		};
/* End PBXProject section */

/* Begin PBXResourcesBuildPhase section */
		CAA2A3C71D22E536006B1609 /* Resources */ = {
			isa = PBXResourcesBuildPhase;
			buildActionMask = 2147483647;
			files = (
				CAA2A3D71D22E536006B1609 /* LaunchScreen.storyboard in Resources */,
				CAA2A3D41D22E536006B1609 /* Assets.xcassets in Resources */,
				CAA2A3D21D22E536006B1609 /* Main.storyboard in Resources */,
			);
			runOnlyForDeploymentPostprocessing = 0;
		};
/* End PBXResourcesBuildPhase section */

/* Begin PBXSourcesBuildPhase section */
		CAA2A3C51D22E536006B1609 /* Sources */ = {
			isa = PBXSourcesBuildPhase;
			buildActionMask = 2147483647;
			files = (
				CAA2A3CF1D22E536006B1609 /* ViewController.swift in Sources */,
				CAA2A3CD1D22E536006B1609 /* AppDelegate.swift in Sources */,
				CAA2A3DF1D22ED87006B1609 /* DETableViewCell.swift in Sources */,
			);
			runOnlyForDeploymentPostprocessing = 0;
		};
/* End PBXSourcesBuildPhase section */

/* Begin PBXVariantGroup section */
		CAA2A3D01D22E536006B1609 /* Main.storyboard */ = {
			isa = PBXVariantGroup;
			children = (
				CAA2A3D11D22E536006B1609 /* Base */,
			);
			name = Main.storyboard;
			sourceTree = "<group>";
		};
		CAA2A3D51D22E536006B1609 /* LaunchScreen.storyboard */ = {
			isa = PBXVariantGroup;
			children = (
				CAA2A3D61D22E536006B1609 /* Base */,
			);
			name = LaunchScreen.storyboard;
			sourceTree = "<group>";
		};
/* End PBXVariantGroup section */

/* Begin XCBuildConfiguration section */
		CAA2A3D91D22E536006B1609 /* Debug */ = {
			isa = XCBuildConfiguration;
			buildSettings = {
				ALWAYS_SEARCH_USER_PATHS = NO;
				CLANG_ANALYZER_NONNULL = YES;
				CLANG_CXX_LANGUAGE_STANDARD = "gnu++0x";
				CLANG_CXX_LIBRARY = "libc++";
				CLANG_ENABLE_MODULES = YES;
				CLANG_ENABLE_OBJC_ARC = YES;
				CLANG_WARN_BOOL_CONVERSION = YES;
				CLANG_WARN_CONSTANT_CONVERSION = YES;
				CLANG_WARN_DIRECT_OBJC_ISA_USAGE = YES_ERROR;
				CLANG_WARN_EMPTY_BODY = YES;
				CLANG_WARN_ENUM_CONVERSION = YES;
				CLANG_WARN_INT_CONVERSION = YES;
				CLANG_WARN_OBJC_ROOT_CLASS = YES_ERROR;
				CLANG_WARN_UNREACHABLE_CODE = YES;
				CLANG_WARN__DUPLICATE_METHOD_MATCH = YES;
				"CODE_SIGN_IDENTITY[sdk=iphoneos*]" = "iPhone Developer";
				COPY_PHASE_STRIP = NO;
				DEBUG_INFORMATION_FORMAT = dwarf;
				ENABLE_STRICT_OBJC_MSGSEND = YES;
				ENABLE_TESTABILITY = YES;
				GCC_C_LANGUAGE_STANDARD = gnu99;
				GCC_DYNAMIC_NO_PIC = NO;
				GCC_NO_COMMON_BLOCKS = YES;
				GCC_OPTIMIZATION_LEVEL = 0;
				GCC_PREPROCESSOR_DEFINITIONS = (
					"DEBUG=1",
					"$(inherited)",
				);
				GCC_WARN_64_TO_32_BIT_CONVERSION = YES;
				GCC_WARN_ABOUT_RETURN_TYPE = YES_ERROR;
				GCC_WARN_UNDECLARED_SELECTOR = YES;
				GCC_WARN_UNINITIALIZED_AUTOS = YES_AGGRESSIVE;
				GCC_WARN_UNUSED_FUNCTION = YES;
				GCC_WARN_UNUSED_VARIABLE = YES;
				IPHONEOS_DEPLOYMENT_TARGET = 9.3;
				MTL_ENABLE_DEBUG_INFO = YES;
				ONLY_ACTIVE_ARCH = YES;
				SDKROOT = iphoneos;
				SWIFT_OPTIMIZATION_LEVEL = "-Onone";
			};
			name = Debug;
		};
		CAA2A3DA1D22E536006B1609 /* Release */ = {
			isa = XCBuildConfiguration;
			buildSettings = {
				ALWAYS_SEARCH_USER_PATHS = NO;
				CLANG_ANALYZER_NONNULL = YES;
				CLANG_CXX_LANGUAGE_STANDARD = "gnu++0x";
				CLANG_CXX_LIBRARY = "libc++";
				CLANG_ENABLE_MODULES = YES;
				CLANG_ENABLE_OBJC_ARC = YES;
				CLANG_WARN_BOOL_CONVERSION = YES;
				CLANG_WARN_CONSTANT_CONVERSION = YES;
				CLANG_WARN_DIRECT_OBJC_ISA_USAGE = YES_ERROR;
				CLANG_WARN_EMPTY_BODY = YES;
				CLANG_WARN_ENUM_CONVERSION = YES;
				CLANG_WARN_INT_CONVERSION = YES;
				CLANG_WARN_OBJC_ROOT_CLASS = YES_ERROR;
				CLANG_WARN_UNREACHABLE_CODE = YES;
				CLANG_WARN__DUPLICATE_METHOD_MATCH = YES;
				"CODE_SIGN_IDENTITY[sdk=iphoneos*]" = "iPhone Developer";
				COPY_PHASE_STRIP = NO;
				DEBUG_INFORMATION_FORMAT = "dwarf-with-dsym";
				ENABLE_NS_ASSERTIONS = NO;
				ENABLE_STRICT_OBJC_MSGSEND = YES;
				GCC_C_LANGUAGE_STANDARD = gnu99;
				GCC_NO_COMMON_BLOCKS = YES;
				GCC_WARN_64_TO_32_BIT_CONVERSION = YES;
				GCC_WARN_ABOUT_RETURN_TYPE = YES_ERROR;
				GCC_WARN_UNDECLARED_SELECTOR = YES;
				GCC_WARN_UNINITIALIZED_AUTOS = YES_AGGRESSIVE;
				GCC_WARN_UNUSED_FUNCTION = YES;
				GCC_WARN_UNUSED_VARIABLE = YES;
				IPHONEOS_DEPLOYMENT_TARGET = 9.3;
				MTL_ENABLE_DEBUG_INFO = NO;
				SDKROOT = iphoneos;
				VALIDATE_PRODUCT = YES;
			};
			name = Release;
		};
		CAA2A3DC1D22E536006B1609 /* Debug */ = {
			isa = XCBuildConfiguration;
			buildSettings = {
				ASSETCATALOG_COMPILER_APPICON_NAME = AppIcon;
				INFOPLIST_FILE = DebugExample/Info.plist;
				LD_RUNPATH_SEARCH_PATHS = "$(inherited) @executable_path/Frameworks";
				PRODUCT_BUNDLE_IDENTIFIER = com.makeschool.DebugExample;
				PRODUCT_NAME = "$(TARGET_NAME)";
			};
			name = Debug;
		};
		CAA2A3DD1D22E536006B1609 /* Release */ = {
			isa = XCBuildConfiguration;
			buildSettings = {
				ASSETCATALOG_COMPILER_APPICON_NAME = AppIcon;
				INFOPLIST_FILE = DebugExample/Info.plist;
				LD_RUNPATH_SEARCH_PATHS = "$(inherited) @executable_path/Frameworks";
				PRODUCT_BUNDLE_IDENTIFIER = com.makeschool.DebugExample;
				PRODUCT_NAME = "$(TARGET_NAME)";
			};
			name = Release;
		};
/* End XCBuildConfiguration section */

/* Begin XCConfigurationList section */
		CAA2A3C41D22E536006B1609 /* Build configuration list for PBXProject "DebugExample" */ = {
			isa = XCConfigurationList;
			buildConfigurations = (
				CAA2A3D91D22E536006B1609 /* Debug */,
				CAA2A3DA1D22E536006B1609 /* Release */,
			);
			defaultConfigurationIsVisible = 0;
			defaultConfigurationName = Release;
		};
		CAA2A3DB1D22E536006B1609 /* Build configuration list for PBXNativeTarget "DebugExample" */ = {
			isa = XCConfigurationList;
			buildConfigurations = (
				CAA2A3DC1D22E536006B1609 /* Debug */,
				CAA2A3DD1D22E536006B1609 /* Release */,
			);
			defaultConfigurationIsVisible = 0;
		};
/* End XCConfigurationList section */
	};
	rootObject = CAA2A3C11D22E536006B1609 /* Project object */;
}
